
Microsoft Visual Studio Solution File, Format Version 12.00
# Visual Studio Version 17
VisualStudioVersion = 17.0.32014.148
MinimumVisualStudioVersion = 10.0.40219.1
Project("{FAE04EC0-301F-11D3-BF4B-00C04F79EFBC}") = "BOF4Tool", "BOF4Tool.csproj", "{DF8F9929-1C86-47DC-BFFA-423FA07BB790}"
EndProject
Global
	GlobalSection(SolutionConfigurationPlatforms) = preSolution
		Debug|Any CPU = Debug|Any CPU
		Release|Any CPU = Release|Any CPU
	EndGlobalSection
	GlobalSection(ProjectConfigurationPlatforms) = postSolution
		{DF8F9929-1C86-47DC-BFFA-423FA07BB790}.Debug|Any CPU.ActiveCfg = Debug|Any CPU
		{DF8F9929-1C86-47DC-BFFA-423FA07BB790}.Debug|Any CPU.Build.0 = Debug|Any CPU
		{DF8F9929-1C86-47DC-BFFA-423FA07BB790}.Release|Any CPU.ActiveCfg = Release|Any CPU
		{DF8F9929-1C86-47DC-BFFA-423FA07BB790}.Release|Any CPU.Build.0 = Release|Any CPU
	EndGlobalSection
	GlobalSection(SolutionProperties) = preSolution
		HideSolutionNode = FALSE
	EndGlobalSection
	GlobalSection(ExtensibilityGlobals) = postSolution
		SolutionGuid = {43EC67D4-F1E6-4B77-B635-4E0FC778477E}
	EndGlobalSection
EndGlobal
